
Microsoft Visual Studio Solution File, Format Version 12.00
# Visual Studio Version 17
VisualStudioVersion = 17.13.35806.99 d17.13
MinimumVisualStudioVersion = 10.0.40219.1
Project("{FAE04EC0-301F-11D3-BF4B-00C04F79EFBC}") = "SistemaAcademico", "SistemaAcademico\SistemaAcademico.csproj", "{A1D1FF00-0174-4830-BF72-461CC8E6DC0A}"
EndProject
Global
	GlobalSection(SolutionConfigurationPlatforms) = preSolution
		Debug|Any CPU = Debug|Any CPU
		Release|Any CPU = Release|Any CPU
	EndGlobalSection
	GlobalSection(ProjectConfigurationPlatforms) = postSolution
		{A1D1FF00-0174-4830-BF72-461CC8E6DC0A}.Debug|Any CPU.ActiveCfg = Debug|Any CPU
		{A1D1FF00-0174-4830-BF72-461CC8E6DC0A}.Debug|Any CPU.Build.0 = Debug|Any CPU
		{A1D1FF00-0174-4830-BF72-461CC8E6DC0A}.Release|Any CPU.ActiveCfg = Release|Any CPU
		{A1D1FF00-0174-4830-BF72-461CC8E6DC0A}.Release|Any CPU.Build.0 = Release|Any CPU
	EndGlobalSection
	GlobalSection(SolutionProperties) = preSolution
		HideSolutionNode = FALSE
	EndGlobalSection
	GlobalSection(ExtensibilityGlobals) = postSolution
		SolutionGuid = {A149BFE1-4181-49FB-9B0F-0ABAC8D4384F}
	EndGlobalSection
EndGlobal
